
Microsoft Visual Studio Solution File, Format Version 12.00
# Visual Studio 15
VisualStudioVersion = 15.0.28010.2003
MinimumVisualStudioVersion = 10.0.40219.1
Project("{8BC9CEB8-8B4A-11D0-8D11-00A0C91BC942}") = "BubbleSort", "BubbleSort.vcxproj", "{3BFB875C-0906-4BAA-98B8-909C538A8879}"
EndProject
Global
	GlobalSection(SolutionConfigurationPlatforms) = preSolution
		Debug|x64 = Debug|x64
		Debug|x86 = Debug|x86
		Release|x64 = Release|x64
		Release|x86 = Release|x86
	EndGlobalSection
	GlobalSection(ProjectConfigurationPlatforms) = postSolution
		{3BFB875C-0906-4BAA-98B8-909C538A8879}.Debug|x64.ActiveCfg = Debug|x64
		{3BFB875C-0906-4BAA-98B8-909C538A8879}.Debug|x64.Build.0 = Debug|x64
		{3BFB875C-0906-4BAA-98B8-909C538A8879}.Debug|x86.ActiveCfg = Debug|Win32
		{3BFB875C-0906-4BAA-98B8-909C538A8879}.Debug|x86.Build.0 = Debug|Win32
		{3BFB875C-0906-4BAA-98B8-909C538A8879}.Release|x64.ActiveCfg = Release|x64
		{3BFB875C-0906-4BAA-98B8-909C538A8879}.Release|x64.Build.0 = Release|x64
		{3BFB875C-0906-4BAA-98B8-909C538A8879}.Release|x86.ActiveCfg = Release|Win32
		{3BFB875C-0906-4BAA-98B8-909C538A8879}.Release|x86.Build.0 = Release|Win32
	EndGlobalSection
	GlobalSection(SolutionProperties) = preSolution
		HideSolutionNode = FALSE
	EndGlobalSection
	GlobalSection(ExtensibilityGlobals) = postSolution
		SolutionGuid = {36809878-8352-4996-BFC2-FC4F1D01F1FD}
	EndGlobalSection
EndGlobal
