
Microsoft Visual Studio Solution File, Format Version 12.00
# Visual Studio 15
VisualStudioVersion = 15.0.28010.2003
MinimumVisualStudioVersion = 10.0.40219.1
Project("{8BC9CEB8-8B4A-11D0-8D11-00A0C91BC942}") = "TailRecursiveQuicksort", "TailRecursiveQuicksort.vcxproj", "{54867314-9270-4531-A0DA-CFD9E123389B}"
EndProject
Global
	GlobalSection(SolutionConfigurationPlatforms) = preSolution
		Debug|x64 = Debug|x64
		Debug|x86 = Debug|x86
		Release|x64 = Release|x64
		Release|x86 = Release|x86
	EndGlobalSection
	GlobalSection(ProjectConfigurationPlatforms) = postSolution
		{54867314-9270-4531-A0DA-CFD9E123389B}.Debug|x64.ActiveCfg = Debug|x64
		{54867314-9270-4531-A0DA-CFD9E123389B}.Debug|x64.Build.0 = Debug|x64
		{54867314-9270-4531-A0DA-CFD9E123389B}.Debug|x86.ActiveCfg = Debug|Win32
		{54867314-9270-4531-A0DA-CFD9E123389B}.Debug|x86.Build.0 = Debug|Win32
		{54867314-9270-4531-A0DA-CFD9E123389B}.Release|x64.ActiveCfg = Release|x64
		{54867314-9270-4531-A0DA-CFD9E123389B}.Release|x64.Build.0 = Release|x64
		{54867314-9270-4531-A0DA-CFD9E123389B}.Release|x86.ActiveCfg = Release|Win32
		{54867314-9270-4531-A0DA-CFD9E123389B}.Release|x86.Build.0 = Release|Win32
	EndGlobalSection
	GlobalSection(SolutionProperties) = preSolution
		HideSolutionNode = FALSE
	EndGlobalSection
	GlobalSection(ExtensibilityGlobals) = postSolution
		SolutionGuid = {2EEE0DF9-2EDF-433B-94B8-462F085BBE04}
	EndGlobalSection
EndGlobal
