
Microsoft Visual Studio Solution File, Format Version 12.00
# Visual Studio 15
VisualStudioVersion = 15.0.28010.2003
MinimumVisualStudioVersion = 10.0.40219.1
Project("{8BC9CEB8-8B4A-11D0-8D11-00A0C91BC942}") = "InsertSort", "InsertSort.vcxproj", "{F071BF02-A0C1-49B9-B8FE-BE3323C700F8}"
EndProject
Global
	GlobalSection(SolutionConfigurationPlatforms) = preSolution
		Debug|x64 = Debug|x64
		Debug|x86 = Debug|x86
		Release|x64 = Release|x64
		Release|x86 = Release|x86
	EndGlobalSection
	GlobalSection(ProjectConfigurationPlatforms) = postSolution
		{F071BF02-A0C1-49B9-B8FE-BE3323C700F8}.Debug|x64.ActiveCfg = Debug|x64
		{F071BF02-A0C1-49B9-B8FE-BE3323C700F8}.Debug|x64.Build.0 = Debug|x64
		{F071BF02-A0C1-49B9-B8FE-BE3323C700F8}.Debug|x86.ActiveCfg = Debug|Win32
		{F071BF02-A0C1-49B9-B8FE-BE3323C700F8}.Debug|x86.Build.0 = Debug|Win32
		{F071BF02-A0C1-49B9-B8FE-BE3323C700F8}.Release|x64.ActiveCfg = Release|x64
		{F071BF02-A0C1-49B9-B8FE-BE3323C700F8}.Release|x64.Build.0 = Release|x64
		{F071BF02-A0C1-49B9-B8FE-BE3323C700F8}.Release|x86.ActiveCfg = Release|Win32
		{F071BF02-A0C1-49B9-B8FE-BE3323C700F8}.Release|x86.Build.0 = Release|Win32
	EndGlobalSection
	GlobalSection(SolutionProperties) = preSolution
		HideSolutionNode = FALSE
	EndGlobalSection
	GlobalSection(ExtensibilityGlobals) = postSolution
		SolutionGuid = {5B89691F-9E45-4F59-9B54-E0EA2C64A3D2}
	EndGlobalSection
EndGlobal
