
Microsoft Visual Studio Solution File, Format Version 12.00
# Visual Studio 15
VisualStudioVersion = 15.0.28010.2003
MinimumVisualStudioVersion = 10.0.40219.1
Project("{8BC9CEB8-8B4A-11D0-8D11-00A0C91BC942}") = "HeapSort", "HeapSort.vcxproj", "{FFAA92D0-7BED-475C-AB69-DA1E5FC3D183}"
EndProject
Global
	GlobalSection(SolutionConfigurationPlatforms) = preSolution
		Debug|x64 = Debug|x64
		Debug|x86 = Debug|x86
		Release|x64 = Release|x64
		Release|x86 = Release|x86
	EndGlobalSection
	GlobalSection(ProjectConfigurationPlatforms) = postSolution
		{FFAA92D0-7BED-475C-AB69-DA1E5FC3D183}.Debug|x64.ActiveCfg = Debug|x64
		{FFAA92D0-7BED-475C-AB69-DA1E5FC3D183}.Debug|x64.Build.0 = Debug|x64
		{FFAA92D0-7BED-475C-AB69-DA1E5FC3D183}.Debug|x86.ActiveCfg = Debug|Win32
		{FFAA92D0-7BED-475C-AB69-DA1E5FC3D183}.Debug|x86.Build.0 = Debug|Win32
		{FFAA92D0-7BED-475C-AB69-DA1E5FC3D183}.Release|x64.ActiveCfg = Release|x64
		{FFAA92D0-7BED-475C-AB69-DA1E5FC3D183}.Release|x64.Build.0 = Release|x64
		{FFAA92D0-7BED-475C-AB69-DA1E5FC3D183}.Release|x86.ActiveCfg = Release|Win32
		{FFAA92D0-7BED-475C-AB69-DA1E5FC3D183}.Release|x86.Build.0 = Release|Win32
	EndGlobalSection
	GlobalSection(SolutionProperties) = preSolution
		HideSolutionNode = FALSE
	EndGlobalSection
	GlobalSection(ExtensibilityGlobals) = postSolution
		SolutionGuid = {7C20A554-1735-4A84-BCD3-AC2812D4DF14}
	EndGlobalSection
EndGlobal
