
Microsoft Visual Studio Solution File, Format Version 12.00
# Visual Studio 15
VisualStudioVersion = 15.0.28010.2003
MinimumVisualStudioVersion = 10.0.40219.1
Project("{8BC9CEB8-8B4A-11D0-8D11-00A0C91BC942}") = "MergeSort", "MergeSort.vcxproj", "{AE049890-DC98-4C94-AA1F-4CD42B5E342D}"
EndProject
Global
	GlobalSection(SolutionConfigurationPlatforms) = preSolution
		Debug|x64 = Debug|x64
		Debug|x86 = Debug|x86
		Release|x64 = Release|x64
		Release|x86 = Release|x86
	EndGlobalSection
	GlobalSection(ProjectConfigurationPlatforms) = postSolution
		{AE049890-DC98-4C94-AA1F-4CD42B5E342D}.Debug|x64.ActiveCfg = Debug|x64
		{AE049890-DC98-4C94-AA1F-4CD42B5E342D}.Debug|x64.Build.0 = Debug|x64
		{AE049890-DC98-4C94-AA1F-4CD42B5E342D}.Debug|x86.ActiveCfg = Debug|Win32
		{AE049890-DC98-4C94-AA1F-4CD42B5E342D}.Debug|x86.Build.0 = Debug|Win32
		{AE049890-DC98-4C94-AA1F-4CD42B5E342D}.Release|x64.ActiveCfg = Release|x64
		{AE049890-DC98-4C94-AA1F-4CD42B5E342D}.Release|x64.Build.0 = Release|x64
		{AE049890-DC98-4C94-AA1F-4CD42B5E342D}.Release|x86.ActiveCfg = Release|Win32
		{AE049890-DC98-4C94-AA1F-4CD42B5E342D}.Release|x86.Build.0 = Release|Win32
	EndGlobalSection
	GlobalSection(SolutionProperties) = preSolution
		HideSolutionNode = FALSE
	EndGlobalSection
	GlobalSection(ExtensibilityGlobals) = postSolution
		SolutionGuid = {DD9615C1-02B0-4BAC-8AD7-8356C9FB2F8F}
	EndGlobalSection
EndGlobal
