
Microsoft Visual Studio Solution File, Format Version 12.00
# Visual Studio 15
VisualStudioVersion = 15.0.27130.2036
MinimumVisualStudioVersion = 10.0.40219.1
Project("{8BC9CEB8-8B4A-11D0-8D11-00A0C91BC942}") = "LMIS", "LMIS.vcxproj", "{B465A7B2-620E-4B44-A579-FB1CE0877EE5}"
EndProject
Global
	GlobalSection(SolutionConfigurationPlatforms) = preSolution
		Debug|x64 = Debug|x64
		Debug|x86 = Debug|x86
		Release|x64 = Release|x64
		Release|x86 = Release|x86
	EndGlobalSection
	GlobalSection(ProjectConfigurationPlatforms) = postSolution
		{B465A7B2-620E-4B44-A579-FB1CE0877EE5}.Debug|x64.ActiveCfg = Debug|x64
		{B465A7B2-620E-4B44-A579-FB1CE0877EE5}.Debug|x64.Build.0 = Debug|x64
		{B465A7B2-620E-4B44-A579-FB1CE0877EE5}.Debug|x86.ActiveCfg = Debug|Win32
		{B465A7B2-620E-4B44-A579-FB1CE0877EE5}.Debug|x86.Build.0 = Debug|Win32
		{B465A7B2-620E-4B44-A579-FB1CE0877EE5}.Release|x64.ActiveCfg = Release|x64
		{B465A7B2-620E-4B44-A579-FB1CE0877EE5}.Release|x64.Build.0 = Release|x64
		{B465A7B2-620E-4B44-A579-FB1CE0877EE5}.Release|x86.ActiveCfg = Release|Win32
		{B465A7B2-620E-4B44-A579-FB1CE0877EE5}.Release|x86.Build.0 = Release|Win32
	EndGlobalSection
	GlobalSection(SolutionProperties) = preSolution
		HideSolutionNode = FALSE
	EndGlobalSection
	GlobalSection(ExtensibilityGlobals) = postSolution
		SolutionGuid = {05D00999-8D0F-4989-B8AE-43255F606C6A}
	EndGlobalSection
EndGlobal
